
Microsoft Visual Studio Solution File, Format Version 12.00
# Visual Studio 15
VisualStudioVersion = 15.0.27703.2026
MinimumVisualStudioVersion = 10.0.40219.1
Project("{9A19103F-16F7-4668-BE54-9A1E7A4F7556}") = "SharpBroadlink", "SharpBroadlink\SharpBroadlink.csproj", "{7488B502-D887-426F-8EBE-D3786A525273}"
EndProject
Project("{9A19103F-16F7-4668-BE54-9A1E7A4F7556}") = "ConsoleTest", "ConsoleTest\ConsoleTest.csproj", "{FB997488-B5F9-489D-BC26-FA8D5D25928D}"
EndProject
Project("{FAE04EC0-301F-11D3-BF4B-00C04F79EFBC}") = "BroadlinkManager", "BroadlinkManager\BroadlinkManager.csproj", "{61028A94-1AF6-43E3-9FD1-99F5EA693C3B}"
EndProject
Global
	GlobalSection(SolutionConfigurationPlatforms) = preSolution
		Debug|Any CPU = Debug|Any CPU
		Release|Any CPU = Release|Any CPU
	EndGlobalSection
	GlobalSection(ProjectConfigurationPlatforms) = postSolution
		{7488B502-D887-426F-8EBE-D3786A525273}.Debug|Any CPU.ActiveCfg = Debug|Any CPU
		{7488B502-D887-426F-8EBE-D3786A525273}.Debug|Any CPU.Build.0 = Debug|Any CPU
		{7488B502-D887-426F-8EBE-D3786A525273}.Release|Any CPU.ActiveCfg = Release|Any CPU
		{7488B502-D887-426F-8EBE-D3786A525273}.Release|Any CPU.Build.0 = Release|Any CPU
		{FB997488-B5F9-489D-BC26-FA8D5D25928D}.Debug|Any CPU.ActiveCfg = Debug|Any CPU
		{FB997488-B5F9-489D-BC26-FA8D5D25928D}.Debug|Any CPU.Build.0 = Debug|Any CPU
		{FB997488-B5F9-489D-BC26-FA8D5D25928D}.Release|Any CPU.ActiveCfg = Release|Any CPU
		{FB997488-B5F9-489D-BC26-FA8D5D25928D}.Release|Any CPU.Build.0 = Release|Any CPU
		{61028A94-1AF6-43E3-9FD1-99F5EA693C3B}.Debug|Any CPU.ActiveCfg = Debug|Any CPU
		{61028A94-1AF6-43E3-9FD1-99F5EA693C3B}.Debug|Any CPU.Build.0 = Debug|Any CPU
		{61028A94-1AF6-43E3-9FD1-99F5EA693C3B}.Release|Any CPU.ActiveCfg = Release|Any CPU
		{61028A94-1AF6-43E3-9FD1-99F5EA693C3B}.Release|Any CPU.Build.0 = Release|Any CPU
	EndGlobalSection
	GlobalSection(SolutionProperties) = preSolution
		HideSolutionNode = FALSE
	EndGlobalSection
	GlobalSection(ExtensibilityGlobals) = postSolution
		SolutionGuid = {09918088-0BF9-447C-AC07-456410DBAF1C}
	EndGlobalSection
EndGlobal
